// !$*UTF8*$!
{
	archiveVersion = 1;
	classes = {
	};
	objectVersion = 60;
	objects = {

/* Begin PBXBuildFile section */
		5EC8E6082D443EE9007EC87A /* AppDelegate.swift in Sources */ = {isa = PBXBuildFile; fileRef = 5EC8E6072D443EE9007EC87A /* AppDelegate.swift */; };
		5EC8E60A2D443EE9007EC87A /* SceneDelegate.swift in Sources */ = {isa = PBXBuildFile; fileRef = 5EC8E6092D443EE9007EC87A /* SceneDelegate.swift */; };
		5EC8E60C2D443EE9007EC87A /* ImagesListViewController.swift in Sources */ = {isa = PBXBuildFile; fileRef = 5EC8E60B2D443EE9007EC87A /* ImagesListViewController.swift */; };
		5EC8E60F2D443EE9007EC87A /* Main.storyboard in Resources */ = {isa = PBXBuildFile; fileRef = 5EC8E60D2D443EE9007EC87A /* Main.storyboard */; };
		5EC8E6112D443EEC007EC87A /* Assets.xcassets in Resources */ = {isa = PBXBuildFile; fileRef = 5EC8E6102D443EEC007EC87A /* Assets.xcassets */; };
		5EC8E6142D443EEC007EC87A /* LaunchScreen.storyboard in Resources */ = {isa = PBXBuildFile; fileRef = 5EC8E6122D443EEC007EC87A /* LaunchScreen.storyboard */; };
		A8088C452D5DF20A00132028 /* Constants.swift in Sources */ = {isa = PBXBuildFile; fileRef = A8088C442D5DF20A00132028 /* Constants.swift */; };
		A83104DB2D60CCB100650970 /* WebViewViewController.swift in Sources */ = {isa = PBXBuildFile; fileRef = A83104DA2D60CCB100650970 /* WebViewViewController.swift */; };
		A85A97822D44E20700D25422 /* ImagesListCell.swift in Sources */ = {isa = PBXBuildFile; fileRef = A85A97812D44E20700D25422 /* ImagesListCell.swift */; };
		A8AA47802D7360D900791032 /* ProfileService.swift in Sources */ = {isa = PBXBuildFile; fileRef = A8AA477F2D7360D900791032 /* ProfileService.swift */; };
		A8AE9CFC2D75A96900DA16ED /* Kingfisher in Frameworks */ = {isa = PBXBuildFile; productRef = A8AE9CFB2D75A96900DA16ED /* Kingfisher */; };
		A8AE9CFF2D75BADC00DA16ED /* SwiftKeychainWrapper in Frameworks */ = {isa = PBXBuildFile; productRef = A8AE9CFE2D75BADC00DA16ED /* SwiftKeychainWrapper */; };
		A8AE9D022D77576000DA16ED /* TabBarController.swift in Sources */ = {isa = PBXBuildFile; fileRef = A8AE9D012D77576000DA16ED /* TabBarController.swift */; };
		A8BA04782D733965009AB8EA /* UIBlockingProgressHUD.swift in Sources */ = {isa = PBXBuildFile; fileRef = A8BA04772D733965009AB8EA /* UIBlockingProgressHUD.swift */; };
		A8C7ED592D4B7DC600833BEA /* ProfileViewController.swift in Sources */ = {isa = PBXBuildFile; fileRef = A8C7ED582D4B7DC600833BEA /* ProfileViewController.swift */; };
		A8C7ED5E2D4B8B3D00833BEA /* SingleImageViewController.swift in Sources */ = {isa = PBXBuildFile; fileRef = A8C7ED5D2D4B8B3D00833BEA /* SingleImageViewController.swift */; };
		A8D909222D77AD58008EB84F /* ProgressHUD in Frameworks */ = {isa = PBXBuildFile; productRef = A8D909212D77AD58008EB84F /* ProgressHUD */; };
		A8E487D32D7057B3003C643D /* ProgressHUD in Frameworks */ = {isa = PBXBuildFile; productRef = A8E487D22D7057B3003C643D /* ProgressHUD */; };
		A8F0A56C2D74640700B700F0 /* ProfileImageService.swift in Sources */ = {isa = PBXBuildFile; fileRef = A8F0A56B2D74640700B700F0 /* ProfileImageService.swift */; };
		A8F0A5872D74B20C00B700F0 /* AlertPresenter.swift in Sources */ = {isa = PBXBuildFile; fileRef = A8F0A5862D74B20C00B700F0 /* AlertPresenter.swift */; };
		A8F7E7DA2D63400A001AEFC0 /* SplashViewController.swift in Sources */ = {isa = PBXBuildFile; fileRef = A8F7E7D92D63400A001AEFC0 /* SplashViewController.swift */; };
		A8FF4B352D60EC3600133026 /* AuthViewController.swift in Sources */ = {isa = PBXBuildFile; fileRef = A8FF4B342D60EC3600133026 /* AuthViewController.swift */; };
		A8FF4B4F2D62123500133026 /* URLSession+data.swift in Sources */ = {isa = PBXBuildFile; fileRef = A8FF4B4E2D62123500133026 /* URLSession+data.swift */; };
		A8FF4B512D6215BE00133026 /* OAuthTokenResponseBody.swift in Sources */ = {isa = PBXBuildFile; fileRef = A8FF4B502D6215BE00133026 /* OAuthTokenResponseBody.swift */; };
		A8FF4B642D6218DA00133026 /* OAuth2TokenStorage.swift in Sources */ = {isa = PBXBuildFile; fileRef = A8FF4B632D6218DA00133026 /* OAuth2TokenStorage.swift */; };
		A8FF4B6E2D621E6F00133026 /* OAuth2Service.swift in Sources */ = {isa = PBXBuildFile; fileRef = A8FF4B6D2D621E6F00133026 /* OAuth2Service.swift */; };
/* End PBXBuildFile section */

/* Begin PBXFileReference section */
		5EC8E6042D443EE9007EC87A /* imageFeed.app */ = {isa = PBXFileReference; explicitFileType = wrapper.application; includeInIndex = 0; path = imageFeed.app; sourceTree = BUILT_PRODUCTS_DIR; };
		5EC8E6072D443EE9007EC87A /* AppDelegate.swift */ = {isa = PBXFileReference; lastKnownFileType = sourcecode.swift; path = AppDelegate.swift; sourceTree = "<group>"; };
		5EC8E6092D443EE9007EC87A /* SceneDelegate.swift */ = {isa = PBXFileReference; lastKnownFileType = sourcecode.swift; path = SceneDelegate.swift; sourceTree = "<group>"; };
		5EC8E60B2D443EE9007EC87A /* ImagesListViewController.swift */ = {isa = PBXFileReference; lastKnownFileType = sourcecode.swift; path = ImagesListViewController.swift; sourceTree = "<group>"; };
		5EC8E60E2D443EE9007EC87A /* Base */ = {isa = PBXFileReference; lastKnownFileType = file.storyboard; name = Base; path = Base.lproj/Main.storyboard; sourceTree = "<group>"; };
		5EC8E6102D443EEC007EC87A /* Assets.xcassets */ = {isa = PBXFileReference; lastKnownFileType = folder.assetcatalog; path = Assets.xcassets; sourceTree = "<group>"; };
		5EC8E6132D443EEC007EC87A /* Base */ = {isa = PBXFileReference; lastKnownFileType = file.storyboard; name = Base; path = Base.lproj/LaunchScreen.storyboard; sourceTree = "<group>"; };
		5EC8E6152D443EEC007EC87A /* Info.plist */ = {isa = PBXFileReference; lastKnownFileType = text.plist.xml; path = Info.plist; sourceTree = "<group>"; };
		A8088C442D5DF20A00132028 /* Constants.swift */ = {isa = PBXFileReference; lastKnownFileType = sourcecode.swift; path = Constants.swift; sourceTree = "<group>"; };
		A83104DA2D60CCB100650970 /* WebViewViewController.swift */ = {isa = PBXFileReference; lastKnownFileType = sourcecode.swift; path = WebViewViewController.swift; sourceTree = "<group>"; };
		A85A97812D44E20700D25422 /* ImagesListCell.swift */ = {isa = PBXFileReference; lastKnownFileType = sourcecode.swift; path = ImagesListCell.swift; sourceTree = "<group>"; };
		A8AA477F2D7360D900791032 /* ProfileService.swift */ = {isa = PBXFileReference; lastKnownFileType = sourcecode.swift; path = ProfileService.swift; sourceTree = "<group>"; };
		A8AE9D012D77576000DA16ED /* TabBarController.swift */ = {isa = PBXFileReference; lastKnownFileType = sourcecode.swift; path = TabBarController.swift; sourceTree = "<group>"; };
		A8BA04772D733965009AB8EA /* UIBlockingProgressHUD.swift */ = {isa = PBXFileReference; lastKnownFileType = sourcecode.swift; path = UIBlockingProgressHUD.swift; sourceTree = "<group>"; };
		A8C7ED582D4B7DC600833BEA /* ProfileViewController.swift */ = {isa = PBXFileReference; lastKnownFileType = sourcecode.swift; path = ProfileViewController.swift; sourceTree = "<group>"; };
		A8C7ED5D2D4B8B3D00833BEA /* SingleImageViewController.swift */ = {isa = PBXFileReference; lastKnownFileType = sourcecode.swift; path = SingleImageViewController.swift; sourceTree = "<group>"; };
		A8F0A56B2D74640700B700F0 /* ProfileImageService.swift */ = {isa = PBXFileReference; lastKnownFileType = sourcecode.swift; path = ProfileImageService.swift; sourceTree = "<group>"; };
		A8F0A5862D74B20C00B700F0 /* AlertPresenter.swift */ = {isa = PBXFileReference; lastKnownFileType = sourcecode.swift; path = AlertPresenter.swift; sourceTree = "<group>"; };
		A8F7E7D92D63400A001AEFC0 /* SplashViewController.swift */ = {isa = PBXFileReference; lastKnownFileType = sourcecode.swift; path = SplashViewController.swift; sourceTree = "<group>"; };
		A8FF4B342D60EC3600133026 /* AuthViewController.swift */ = {isa = PBXFileReference; lastKnownFileType = sourcecode.swift; path = AuthViewController.swift; sourceTree = "<group>"; };
		A8FF4B4E2D62123500133026 /* URLSession+data.swift */ = {isa = PBXFileReference; lastKnownFileType = sourcecode.swift; path = "URLSession+data.swift"; sourceTree = "<group>"; };
		A8FF4B502D6215BE00133026 /* OAuthTokenResponseBody.swift */ = {isa = PBXFileReference; lastKnownFileType = sourcecode.swift; path = OAuthTokenResponseBody.swift; sourceTree = "<group>"; };
		A8FF4B632D6218DA00133026 /* OAuth2TokenStorage.swift */ = {isa = PBXFileReference; lastKnownFileType = sourcecode.swift; path = OAuth2TokenStorage.swift; sourceTree = "<group>"; };
		A8FF4B6D2D621E6F00133026 /* OAuth2Service.swift */ = {isa = PBXFileReference; lastKnownFileType = sourcecode.swift; path = OAuth2Service.swift; sourceTree = "<group>"; };
/* End PBXFileReference section */

/* Begin PBXFrameworksBuildPhase section */
		5EC8E6012D443EE9007EC87A /* Frameworks */ = {
			isa = PBXFrameworksBuildPhase;
			buildActionMask = 2147483647;
			files = (
				A8AE9CFC2D75A96900DA16ED /* Kingfisher in Frameworks */,
				A8D909222D77AD58008EB84F /* ProgressHUD in Frameworks */,
				A8E487D32D7057B3003C643D /* ProgressHUD in Frameworks */,
				A8AE9CFF2D75BADC00DA16ED /* SwiftKeychainWrapper in Frameworks */,
			);
			runOnlyForDeploymentPostprocessing = 0;
		};
/* End PBXFrameworksBuildPhase section */

/* Begin PBXGroup section */
		5EC8E5FB2D443EE9007EC87A = {
			isa = PBXGroup;
			children = (
				5EC8E6062D443EE9007EC87A /* imageFeed */,
				5EC8E6052D443EE9007EC87A /* Products */,
			);
			sourceTree = "<group>";
		};
		5EC8E6052D443EE9007EC87A /* Products */ = {
			isa = PBXGroup;
			children = (
				5EC8E6042D443EE9007EC87A /* imageFeed.app */,
			);
			name = Products;
			sourceTree = "<group>";
		};
		5EC8E6062D443EE9007EC87A /* imageFeed */ = {
			isa = PBXGroup;
			children = (
				5EC8E6072D443EE9007EC87A /* AppDelegate.swift */,
				5EC8E6092D443EE9007EC87A /* SceneDelegate.swift */,
				A8088C442D5DF20A00132028 /* Constants.swift */,
				A8FF4B4E2D62123500133026 /* URLSession+data.swift */,
				A8F0A5852D74B1EA00B700F0 /* AlertPresenter */,
				A8F7E7D82D633FDF001AEFC0 /* SplashViewController */,
				A8FF4B622D6218AD00133026 /* Service */,
				A85A977E2D44E1AD00D25422 /* ImageList */,
				A8C7ED572D4B7D8600833BEA /* Profile */,
				A8C7ED5C2D4B8B1500833BEA /* single image view */,
				A83104D62D60C7EE00650970 /* Auth */,
				A8AE9D002D7756AF00DA16ED /* TabBarController */,
				5EC8E60D2D443EE9007EC87A /* Main.storyboard */,
				5EC8E6102D443EEC007EC87A /* Assets.xcassets */,
				5EC8E6122D443EEC007EC87A /* LaunchScreen.storyboard */,
				5EC8E6152D443EEC007EC87A /* Info.plist */,
			);
			path = imageFeed;
			sourceTree = "<group>";
		};
		A83104D62D60C7EE00650970 /* Auth */ = {
			isa = PBXGroup;
			children = (
				A83104DA2D60CCB100650970 /* WebViewViewController.swift */,
				A8FF4B342D60EC3600133026 /* AuthViewController.swift */,
			);
			path = Auth;
			sourceTree = "<group>";
		};
		A85A977E2D44E1AD00D25422 /* ImageList */ = {
			isa = PBXGroup;
			children = (
				5EC8E60B2D443EE9007EC87A /* ImagesListViewController.swift */,
				A85A97812D44E20700D25422 /* ImagesListCell.swift */,
			);
			path = ImageList;
			sourceTree = "<group>";
		};
		A8AE9D002D7756AF00DA16ED /* TabBarController */ = {
			isa = PBXGroup;
			children = (
				A8AE9D012D77576000DA16ED /* TabBarController.swift */,
			);
			path = TabBarController;
			sourceTree = "<group>";
		};
		A8C7ED572D4B7D8600833BEA /* Profile */ = {
			isa = PBXGroup;
			children = (
				A8C7ED582D4B7DC600833BEA /* ProfileViewController.swift */,
				A8AA477F2D7360D900791032 /* ProfileService.swift */,
				A8F0A56B2D74640700B700F0 /* ProfileImageService.swift */,
			);
			path = Profile;
			sourceTree = "<group>";
		};
		A8C7ED5C2D4B8B1500833BEA /* single image view */ = {
			isa = PBXGroup;
			children = (
				A8C7ED5D2D4B8B3D00833BEA /* SingleImageViewController.swift */,
			);
			path = "single image view";
			sourceTree = "<group>";
		};
		A8F0A5852D74B1EA00B700F0 /* AlertPresenter */ = {
			isa = PBXGroup;
			children = (
				A8F0A5862D74B20C00B700F0 /* AlertPresenter.swift */,
			);
			path = AlertPresenter;
			sourceTree = "<group>";
		};
		A8F7E7D82D633FDF001AEFC0 /* SplashViewController */ = {
			isa = PBXGroup;
			children = (
				A8F7E7D92D63400A001AEFC0 /* SplashViewController.swift */,
			);
			path = SplashViewController;
			sourceTree = "<group>";
		};
		A8FF4B622D6218AD00133026 /* Service */ = {
			isa = PBXGroup;
			children = (
				A8FF4B502D6215BE00133026 /* OAuthTokenResponseBody.swift */,
				A8FF4B632D6218DA00133026 /* OAuth2TokenStorage.swift */,
				A8FF4B6D2D621E6F00133026 /* OAuth2Service.swift */,
				A8BA04772D733965009AB8EA /* UIBlockingProgressHUD.swift */,
			);
			path = Service;
			sourceTree = "<group>";
		};
/* End PBXGroup section */

/* Begin PBXNativeTarget section */
		5EC8E6032D443EE9007EC87A /* imageFeed */ = {
			isa = PBXNativeTarget;
			buildConfigurationList = 5EC8E6182D443EEC007EC87A /* Build configuration list for PBXNativeTarget "imageFeed" */;
			buildPhases = (
				5EC8E6002D443EE9007EC87A /* Sources */,
				5EC8E6012D443EE9007EC87A /* Frameworks */,
				5EC8E6022D443EE9007EC87A /* Resources */,
			);
			buildRules = (
			);
			dependencies = (
			);
			name = imageFeed;
			productName = imageFeed;
			productReference = 5EC8E6042D443EE9007EC87A /* imageFeed.app */;
			productType = "com.apple.product-type.application";
		};
/* End PBXNativeTarget section */

/* Begin PBXProject section */
		5EC8E5FC2D443EE9007EC87A /* Project object */ = {
			isa = PBXProject;
			attributes = {
				BuildIndependentTargetsInParallel = 1;
				LastSwiftUpdateCheck = 1520;
				LastUpgradeCheck = 1520;
				TargetAttributes = {
					5EC8E6032D443EE9007EC87A = {
						CreatedOnToolsVersion = 15.2;
					};
				};
			};
			buildConfigurationList = 5EC8E5FF2D443EE9007EC87A /* Build configuration list for PBXProject "imageFeed" */;
			compatibilityVersion = "Xcode 15.0";
			developmentRegion = en;
			hasScannedForEncodings = 0;
			knownRegions = (
				en,
				Base,
			);
			mainGroup = 5EC8E5FB2D443EE9007EC87A;
			packageReferences = (
				A8AE9CFA2D75A96900DA16ED /* XCRemoteSwiftPackageReference "Kingfisher" */,
				A8AE9CFD2D75BADC00DA16ED /* XCRemoteSwiftPackageReference "SwiftKeychainWrapper" */,
				A8D909202D77AD58008EB84F /* XCRemoteSwiftPackageReference "ProgressHUD" */,
			);
			productRefGroup = 5EC8E6052D443EE9007EC87A /* Products */;
			projectDirPath = "";
			projectRoot = "";
			targets = (
				5EC8E6032D443EE9007EC87A /* imageFeed */,
			);
		};
/* End PBXProject section */

/* Begin PBXResourcesBuildPhase section */
		5EC8E6022D443EE9007EC87A /* Resources */ = {
			isa = PBXResourcesBuildPhase;
			buildActionMask = 2147483647;
			files = (
				5EC8E6142D443EEC007EC87A /* LaunchScreen.storyboard in Resources */,
				5EC8E6112D443EEC007EC87A /* Assets.xcassets in Resources */,
				5EC8E60F2D443EE9007EC87A /* Main.storyboard in Resources */,
			);
			runOnlyForDeploymentPostprocessing = 0;
		};
/* End PBXResourcesBuildPhase section */

/* Begin PBXSourcesBuildPhase section */
		5EC8E6002D443EE9007EC87A /* Sources */ = {
			isa = PBXSourcesBuildPhase;
			buildActionMask = 2147483647;
			files = (
				A8FF4B642D6218DA00133026 /* OAuth2TokenStorage.swift in Sources */,
				A8AA47802D7360D900791032 /* ProfileService.swift in Sources */,
				5EC8E60C2D443EE9007EC87A /* ImagesListViewController.swift in Sources */,
				A8FF4B6E2D621E6F00133026 /* OAuth2Service.swift in Sources */,
				A85A97822D44E20700D25422 /* ImagesListCell.swift in Sources */,
				A8F0A5872D74B20C00B700F0 /* AlertPresenter.swift in Sources */,
				A8C7ED592D4B7DC600833BEA /* ProfileViewController.swift in Sources */,
				A8F0A56C2D74640700B700F0 /* ProfileImageService.swift in Sources */,
				A8F7E7DA2D63400A001AEFC0 /* SplashViewController.swift in Sources */,
				5EC8E6082D443EE9007EC87A /* AppDelegate.swift in Sources */,
				A8AE9D022D77576000DA16ED /* TabBarController.swift in Sources */,
				A8FF4B512D6215BE00133026 /* OAuthTokenResponseBody.swift in Sources */,
				A8BA04782D733965009AB8EA /* UIBlockingProgressHUD.swift in Sources */,
				A8088C452D5DF20A00132028 /* Constants.swift in Sources */,
				A8C7ED5E2D4B8B3D00833BEA /* SingleImageViewController.swift in Sources */,
				A83104DB2D60CCB100650970 /* WebViewViewController.swift in Sources */,
				A8FF4B352D60EC3600133026 /* AuthViewController.swift in Sources */,
				A8FF4B4F2D62123500133026 /* URLSession+data.swift in Sources */,
				5EC8E60A2D443EE9007EC87A /* SceneDelegate.swift in Sources */,
			);
			runOnlyForDeploymentPostprocessing = 0;
		};
/* End PBXSourcesBuildPhase section */

/* Begin PBXVariantGroup section */
		5EC8E60D2D443EE9007EC87A /* Main.storyboard */ = {
			isa = PBXVariantGroup;
			children = (
				5EC8E60E2D443EE9007EC87A /* Base */,
			);
			name = Main.storyboard;
			sourceTree = "<group>";
		};
		5EC8E6122D443EEC007EC87A /* LaunchScreen.storyboard */ = {
			isa = PBXVariantGroup;
			children = (
				5EC8E6132D443EEC007EC87A /* Base */,
			);
			name = LaunchScreen.storyboard;
			sourceTree = "<group>";
		};
/* End PBXVariantGroup section */

/* Begin XCBuildConfiguration section */
		5EC8E6162D443EEC007EC87A /* Debug */ = {
			isa = XCBuildConfiguration;
			buildSettings = {
				ALWAYS_SEARCH_USER_PATHS = NO;
				ASSETCATALOG_COMPILER_GENERATE_SWIFT_ASSET_SYMBOL_EXTENSIONS = YES;
				CLANG_ANALYZER_NONNULL = YES;
				CLANG_ANALYZER_NUMBER_OBJECT_CONVERSION = YES_AGGRESSIVE;
				CLANG_CXX_LANGUAGE_STANDARD = "gnu++20";
				CLANG_ENABLE_MODULES = YES;
				CLANG_ENABLE_OBJC_ARC = YES;
				CLANG_ENABLE_OBJC_WEAK = YES;
				CLANG_WARN_BLOCK_CAPTURE_AUTORELEASING = YES;
				CLANG_WARN_BOOL_CONVERSION = YES;
				CLANG_WARN_COMMA = YES;
				CLANG_WARN_CONSTANT_CONVERSION = YES;
				CLANG_WARN_DEPRECATED_OBJC_IMPLEMENTATIONS = YES;
				CLANG_WARN_DIRECT_OBJC_ISA_USAGE = YES_ERROR;
				CLANG_WARN_DOCUMENTATION_COMMENTS = YES;
				CLANG_WARN_EMPTY_BODY = YES;
				CLANG_WARN_ENUM_CONVERSION = YES;
				CLANG_WARN_INFINITE_RECURSION = YES;
				CLANG_WARN_INT_CONVERSION = YES;
				CLANG_WARN_NON_LITERAL_NULL_CONVERSION = YES;
				CLANG_WARN_OBJC_IMPLICIT_RETAIN_SELF = YES;
				CLANG_WARN_OBJC_LITERAL_CONVERSION = YES;
				CLANG_WARN_OBJC_ROOT_CLASS = YES_ERROR;
				CLANG_WARN_QUOTED_INCLUDE_IN_FRAMEWORK_HEADER = YES;
				CLANG_WARN_RANGE_LOOP_ANALYSIS = YES;
				CLANG_WARN_STRICT_PROTOTYPES = YES;
				CLANG_WARN_SUSPICIOUS_MOVE = YES;
				CLANG_WARN_UNGUARDED_AVAILABILITY = YES_AGGRESSIVE;
				CLANG_WARN_UNREACHABLE_CODE = YES;
				CLANG_WARN__DUPLICATE_METHOD_MATCH = YES;
				COPY_PHASE_STRIP = NO;
				DEBUG_INFORMATION_FORMAT = dwarf;
				ENABLE_STRICT_OBJC_MSGSEND = YES;
				ENABLE_TESTABILITY = YES;
				ENABLE_USER_SCRIPT_SANDBOXING = YES;
				GCC_C_LANGUAGE_STANDARD = gnu17;
				GCC_DYNAMIC_NO_PIC = NO;
				GCC_NO_COMMON_BLOCKS = YES;
				GCC_OPTIMIZATION_LEVEL = 0;
				GCC_PREPROCESSOR_DEFINITIONS = (
					"DEBUG=1",
					"$(inherited)",
				);
				GCC_WARN_64_TO_32_BIT_CONVERSION = YES;
				GCC_WARN_ABOUT_RETURN_TYPE = YES_ERROR;
				GCC_WARN_UNDECLARED_SELECTOR = YES;
				GCC_WARN_UNINITIALIZED_AUTOS = YES_AGGRESSIVE;
				GCC_WARN_UNUSED_FUNCTION = YES;
				GCC_WARN_UNUSED_VARIABLE = YES;
				IPHONEOS_DEPLOYMENT_TARGET = 17.2;
				LOCALIZATION_PREFERS_STRING_CATALOGS = YES;
				MTL_ENABLE_DEBUG_INFO = INCLUDE_SOURCE;
				MTL_FAST_MATH = YES;
				ONLY_ACTIVE_ARCH = YES;
				SDKROOT = iphoneos;
				SWIFT_ACTIVE_COMPILATION_CONDITIONS = "DEBUG $(inherited)";
				SWIFT_OPTIMIZATION_LEVEL = "-Onone";
			};
			name = Debug;
		};
		5EC8E6172D443EEC007EC87A /* Release */ = {
			isa = XCBuildConfiguration;
			buildSettings = {
				ALWAYS_SEARCH_USER_PATHS = NO;
				ASSETCATALOG_COMPILER_GENERATE_SWIFT_ASSET_SYMBOL_EXTENSIONS = YES;
				CLANG_ANALYZER_NONNULL = YES;
				CLANG_ANALYZER_NUMBER_OBJECT_CONVERSION = YES_AGGRESSIVE;
				CLANG_CXX_LANGUAGE_STANDARD = "gnu++20";
				CLANG_ENABLE_MODULES = YES;
				CLANG_ENABLE_OBJC_ARC = YES;
				CLANG_ENABLE_OBJC_WEAK = YES;
				CLANG_WARN_BLOCK_CAPTURE_AUTORELEASING = YES;
				CLANG_WARN_BOOL_CONVERSION = YES;
				CLANG_WARN_COMMA = YES;
				CLANG_WARN_CONSTANT_CONVERSION = YES;
				CLANG_WARN_DEPRECATED_OBJC_IMPLEMENTATIONS = YES;
				CLANG_WARN_DIRECT_OBJC_ISA_USAGE = YES_ERROR;
				CLANG_WARN_DOCUMENTATION_COMMENTS = YES;
				CLANG_WARN_EMPTY_BODY = YES;
				CLANG_WARN_ENUM_CONVERSION = YES;
				CLANG_WARN_INFINITE_RECURSION = YES;
				CLANG_WARN_INT_CONVERSION = YES;
				CLANG_WARN_NON_LITERAL_NULL_CONVERSION = YES;
				CLANG_WARN_OBJC_IMPLICIT_RETAIN_SELF = YES;
				CLANG_WARN_OBJC_LITERAL_CONVERSION = YES;
				CLANG_WARN_OBJC_ROOT_CLASS = YES_ERROR;
				CLANG_WARN_QUOTED_INCLUDE_IN_FRAMEWORK_HEADER = YES;
				CLANG_WARN_RANGE_LOOP_ANALYSIS = YES;
				CLANG_WARN_STRICT_PROTOTYPES = YES;
				CLANG_WARN_SUSPICIOUS_MOVE = YES;
				CLANG_WARN_UNGUARDED_AVAILABILITY = YES_AGGRESSIVE;
				CLANG_WARN_UNREACHABLE_CODE = YES;
				CLANG_WARN__DUPLICATE_METHOD_MATCH = YES;
				COPY_PHASE_STRIP = NO;
				DEBUG_INFORMATION_FORMAT = "dwarf-with-dsym";
				ENABLE_NS_ASSERTIONS = NO;
				ENABLE_STRICT_OBJC_MSGSEND = YES;
				ENABLE_USER_SCRIPT_SANDBOXING = YES;
				GCC_C_LANGUAGE_STANDARD = gnu17;
				GCC_NO_COMMON_BLOCKS = YES;
				GCC_WARN_64_TO_32_BIT_CONVERSION = YES;
				GCC_WARN_ABOUT_RETURN_TYPE = YES_ERROR;
				GCC_WARN_UNDECLARED_SELECTOR = YES;
				GCC_WARN_UNINITIALIZED_AUTOS = YES_AGGRESSIVE;
				GCC_WARN_UNUSED_FUNCTION = YES;
				GCC_WARN_UNUSED_VARIABLE = YES;
				IPHONEOS_DEPLOYMENT_TARGET = 17.2;
				LOCALIZATION_PREFERS_STRING_CATALOGS = YES;
				MTL_ENABLE_DEBUG_INFO = NO;
				MTL_FAST_MATH = YES;
				SDKROOT = iphoneos;
				SWIFT_COMPILATION_MODE = wholemodule;
				VALIDATE_PRODUCT = YES;
			};
			name = Release;
		};
		5EC8E6192D443EEC007EC87A /* Debug */ = {
			isa = XCBuildConfiguration;
			buildSettings = {
				ASSETCATALOG_COMPILER_APPICON_NAME = AppIcon;
				ASSETCATALOG_COMPILER_GLOBAL_ACCENT_COLOR_NAME = AccentColor;
				CODE_SIGN_STYLE = Automatic;
				CURRENT_PROJECT_VERSION = 1;
				DEVELOPMENT_TEAM = XQ728XT7YA;
				GENERATE_INFOPLIST_FILE = YES;
				INFOPLIST_FILE = imageFeed/Info.plist;
				INFOPLIST_KEY_UIApplicationSupportsIndirectInputEvents = YES;
				INFOPLIST_KEY_UILaunchStoryboardName = LaunchScreen;
				INFOPLIST_KEY_UIMainStoryboardFile = Main;
				INFOPLIST_KEY_UISupportedInterfaceOrientations = UIInterfaceOrientationPortrait;
				IPHONEOS_DEPLOYMENT_TARGET = 13.0;
				LD_RUNPATH_SEARCH_PATHS = (
					"$(inherited)",
					"@executable_path/Frameworks",
				);
				MARKETING_VERSION = 1.0;
				PRODUCT_BUNDLE_IDENTIFIER = ru.maksdemidchik.imageFeed;
				PRODUCT_NAME = "$(TARGET_NAME)";
				SUPPORTED_PLATFORMS = "iphoneos iphonesimulator";
				SUPPORTS_MACCATALYST = NO;
				SWIFT_EMIT_LOC_STRINGS = YES;
				SWIFT_VERSION = 5.0;
				TARGETED_DEVICE_FAMILY = 1;
			};
			name = Debug;
		};
		5EC8E61A2D443EEC007EC87A /* Release */ = {
			isa = XCBuildConfiguration;
			buildSettings = {
				ASSETCATALOG_COMPILER_APPICON_NAME = AppIcon;
				ASSETCATALOG_COMPILER_GLOBAL_ACCENT_COLOR_NAME = AccentColor;
				CODE_SIGN_STYLE = Automatic;
				CURRENT_PROJECT_VERSION = 1;
				DEVELOPMENT_TEAM = XQ728XT7YA;
				GENERATE_INFOPLIST_FILE = YES;
				INFOPLIST_FILE = imageFeed/Info.plist;
				INFOPLIST_KEY_UIApplicationSupportsIndirectInputEvents = YES;
				INFOPLIST_KEY_UILaunchStoryboardName = LaunchScreen;
				INFOPLIST_KEY_UIMainStoryboardFile = Main;
				INFOPLIST_KEY_UISupportedInterfaceOrientations = UIInterfaceOrientationPortrait;
				IPHONEOS_DEPLOYMENT_TARGET = 13.0;
				LD_RUNPATH_SEARCH_PATHS = (
					"$(inherited)",
					"@executable_path/Frameworks",
				);
				MARKETING_VERSION = 1.0;
				PRODUCT_BUNDLE_IDENTIFIER = ru.maksdemidchik.imageFeed;
				PRODUCT_NAME = "$(TARGET_NAME)";
				SUPPORTED_PLATFORMS = "iphoneos iphonesimulator";
				SUPPORTS_MACCATALYST = NO;
				SWIFT_EMIT_LOC_STRINGS = YES;
				SWIFT_VERSION = 5.0;
				TARGETED_DEVICE_FAMILY = 1;
			};
			name = Release;
		};
/* End XCBuildConfiguration section */

/* Begin XCConfigurationList section */
		5EC8E5FF2D443EE9007EC87A /* Build configuration list for PBXProject "imageFeed" */ = {
			isa = XCConfigurationList;
			buildConfigurations = (
				5EC8E6162D443EEC007EC87A /* Debug */,
				5EC8E6172D443EEC007EC87A /* Release */,
			);
			defaultConfigurationIsVisible = 0;
			defaultConfigurationName = Release;
		};
		5EC8E6182D443EEC007EC87A /* Build configuration list for PBXNativeTarget "imageFeed" */ = {
			isa = XCConfigurationList;
			buildConfigurations = (
				5EC8E6192D443EEC007EC87A /* Debug */,
				5EC8E61A2D443EEC007EC87A /* Release */,
			);
			defaultConfigurationIsVisible = 0;
			defaultConfigurationName = Release;
		};
/* End XCConfigurationList section */

/* Begin XCRemoteSwiftPackageReference section */
		A8AE9CFA2D75A96900DA16ED /* XCRemoteSwiftPackageReference "Kingfisher" */ = {
			isa = XCRemoteSwiftPackageReference;
			repositoryURL = "https://github.com/onevcat/Kingfisher";
			requirement = {
				kind = upToNextMajorVersion;
				minimumVersion = 8.2.0;
			};
		};
		A8AE9CFD2D75BADC00DA16ED /* XCRemoteSwiftPackageReference "SwiftKeychainWrapper" */ = {
			isa = XCRemoteSwiftPackageReference;
			repositoryURL = "https://github.com/jrendel/SwiftKeychainWrapper";
			requirement = {
				kind = upToNextMajorVersion;
				minimumVersion = 4.0.1;
			};
		};
		A8D909202D77AD58008EB84F /* XCRemoteSwiftPackageReference "ProgressHUD" */ = {
			isa = XCRemoteSwiftPackageReference;
			repositoryURL = "https://github.com/relatedcode/ProgressHUD";
			requirement = {
				kind = upToNextMajorVersion;
				minimumVersion = 14.1.3;
			};
		};
		A8E487D12D7057B3003C643D /* XCRemoteSwiftPackageReference "ProgressHUD" */ = {
			isa = XCRemoteSwiftPackageReference;
			repositoryURL = "https://github.com/relatedcode/ProgressHUD";
			requirement = {
				kind = upToNextMajorVersion;
				minimumVersion = 14.1.3;
			};
		};
/* End XCRemoteSwiftPackageReference section */

/* Begin XCSwiftPackageProductDependency section */
		A8AE9CFB2D75A96900DA16ED /* Kingfisher */ = {
			isa = XCSwiftPackageProductDependency;
			package = A8AE9CFA2D75A96900DA16ED /* XCRemoteSwiftPackageReference "Kingfisher" */;
			productName = Kingfisher;
		};
		A8AE9CFE2D75BADC00DA16ED /* SwiftKeychainWrapper */ = {
			isa = XCSwiftPackageProductDependency;
			package = A8AE9CFD2D75BADC00DA16ED /* XCRemoteSwiftPackageReference "SwiftKeychainWrapper" */;
			productName = SwiftKeychainWrapper;
		};
		A8D909212D77AD58008EB84F /* ProgressHUD */ = {
			isa = XCSwiftPackageProductDependency;
			package = A8D909202D77AD58008EB84F /* XCRemoteSwiftPackageReference "ProgressHUD" */;
			productName = ProgressHUD;
		};
		A8E487D22D7057B3003C643D /* ProgressHUD */ = {
			isa = XCSwiftPackageProductDependency;
			package = A8E487D12D7057B3003C643D /* XCRemoteSwiftPackageReference "ProgressHUD" */;
			productName = ProgressHUD;
		};
/* End XCSwiftPackageProductDependency section */
	};
	rootObject = 5EC8E5FC2D443EE9007EC87A /* Project object */;
}
